
Microsoft Visual Studio Solution File, Format Version 12.00
# Visual Studio Version 17
VisualStudioVersion = 17.5.33414.496
MinimumVisualStudioVersion = 10.0.40219.1
Project("{FAE04EC0-301F-11D3-BF4B-00C04F79EFBC}") = "RevisaoProva", "RevisaoProva.csproj", "{45537FAC-8B98-442F-AFCF-1D82AA16EBC1}"
EndProject
Global
	GlobalSection(SolutionConfigurationPlatforms) = preSolution
		Debug|Any CPU = Debug|Any CPU
		Release|Any CPU = Release|Any CPU
	EndGlobalSection
	GlobalSection(ProjectConfigurationPlatforms) = postSolution
		{45537FAC-8B98-442F-AFCF-1D82AA16EBC1}.Debug|Any CPU.ActiveCfg = Debug|Any CPU
		{45537FAC-8B98-442F-AFCF-1D82AA16EBC1}.Debug|Any CPU.Build.0 = Debug|Any CPU
		{45537FAC-8B98-442F-AFCF-1D82AA16EBC1}.Release|Any CPU.ActiveCfg = Release|Any CPU
		{45537FAC-8B98-442F-AFCF-1D82AA16EBC1}.Release|Any CPU.Build.0 = Release|Any CPU
	EndGlobalSection
	GlobalSection(SolutionProperties) = preSolution
		HideSolutionNode = FALSE
	EndGlobalSection
	GlobalSection(ExtensibilityGlobals) = postSolution
		SolutionGuid = {AE487EFD-8ACE-4099-9EF6-920E0014FDC3}
	EndGlobalSection
EndGlobal
